
Microsoft Visual Studio Solution File, Format Version 12.00
# Visual Studio 14
VisualStudioVersion = 14.0.25420.1
MinimumVisualStudioVersion = 10.0.40219.1
Project("{FAE04EC0-301F-11D3-BF4B-00C04F79EFBC}") = "Hatenatter", "Hatenatter\Hatenatter\Hatenatter.csproj", "{22E2DA3B-E9AC-4682-A492-16B81375D8FE}"
EndProject
Project("{FAE04EC0-301F-11D3-BF4B-00C04F79EFBC}") = "Hatenatter.Droid", "Hatenatter\Hatenatter.Droid\Hatenatter.Droid.csproj", "{735E1A00-0AE5-4469-8DA9-4152CF9EAB1D}"
EndProject
Project("{FAE04EC0-301F-11D3-BF4B-00C04F79EFBC}") = "Hatenatter.iOS", "Hatenatter\Hatenatter.iOS\Hatenatter.iOS.csproj", "{FCA6BE05-14B4-4538-872B-8F49B16AA331}"
EndProject
Project("{FAE04EC0-301F-11D3-BF4B-00C04F79EFBC}") = "Hatenatter.UWP", "Hatenatter\Hatenatter.UWP\Hatenatter.UWP.csproj", "{DC18EE4E-C437-453F-B2E5-09DC50E7FD12}"
EndProject
Project("{FAE04EC0-301F-11D3-BF4B-00C04F79EFBC}") = "HatenatterConsole", "HatenatterConsole\HatenatterConsole.csproj", "{4EF4ECF8-C73E-425F-BBD3-5E66455343D0}"
EndProject
Global
	GlobalSection(SolutionConfigurationPlatforms) = preSolution
		Ad-Hoc|Any CPU = Ad-Hoc|Any CPU
		Ad-Hoc|ARM = Ad-Hoc|ARM
		Ad-Hoc|iPhone = Ad-Hoc|iPhone
		Ad-Hoc|iPhoneSimulator = Ad-Hoc|iPhoneSimulator
		Ad-Hoc|x64 = Ad-Hoc|x64
		Ad-Hoc|x86 = Ad-Hoc|x86
		AppStore|Any CPU = AppStore|Any CPU
		AppStore|ARM = AppStore|ARM
		AppStore|iPhone = AppStore|iPhone
		AppStore|iPhoneSimulator = AppStore|iPhoneSimulator
		AppStore|x64 = AppStore|x64
		AppStore|x86 = AppStore|x86
		Debug|Any CPU = Debug|Any CPU
		Debug|ARM = Debug|ARM
		Debug|iPhone = Debug|iPhone
		Debug|iPhoneSimulator = Debug|iPhoneSimulator
		Debug|x64 = Debug|x64
		Debug|x86 = Debug|x86
		Release|Any CPU = Release|Any CPU
		Release|ARM = Release|ARM
		Release|iPhone = Release|iPhone
		Release|iPhoneSimulator = Release|iPhoneSimulator
		Release|x64 = Release|x64
		Release|x86 = Release|x86
	EndGlobalSection
	GlobalSection(ProjectConfigurationPlatforms) = postSolution
		{22E2DA3B-E9AC-4682-A492-16B81375D8FE}.Ad-Hoc|Any CPU.ActiveCfg = Release|Any CPU
		{22E2DA3B-E9AC-4682-A492-16B81375D8FE}.Ad-Hoc|Any CPU.Build.0 = Release|Any CPU
		{22E2DA3B-E9AC-4682-A492-16B81375D8FE}.Ad-Hoc|ARM.ActiveCfg = Release|Any CPU
		{22E2DA3B-E9AC-4682-A492-16B81375D8FE}.Ad-Hoc|ARM.Build.0 = Release|Any CPU
		{22E2DA3B-E9AC-4682-A492-16B81375D8FE}.Ad-Hoc|iPhone.ActiveCfg = Release|Any CPU
		{22E2DA3B-E9AC-4682-A492-16B81375D8FE}.Ad-Hoc|iPhone.Build.0 = Release|Any CPU
		{22E2DA3B-E9AC-4682-A492-16B81375D8FE}.Ad-Hoc|iPhoneSimulator.ActiveCfg = Release|Any CPU
		{22E2DA3B-E9AC-4682-A492-16B81375D8FE}.Ad-Hoc|iPhoneSimulator.Build.0 = Release|Any CPU
		{22E2DA3B-E9AC-4682-A492-16B81375D8FE}.Ad-Hoc|x64.ActiveCfg = Release|Any CPU
		{22E2DA3B-E9AC-4682-A492-16B81375D8FE}.Ad-Hoc|x64.Build.0 = Release|Any CPU
		{22E2DA3B-E9AC-4682-A492-16B81375D8FE}.Ad-Hoc|x86.ActiveCfg = Release|Any CPU
		{22E2DA3B-E9AC-4682-A492-16B81375D8FE}.Ad-Hoc|x86.Build.0 = Release|Any CPU
		{22E2DA3B-E9AC-4682-A492-16B81375D8FE}.AppStore|Any CPU.ActiveCfg = Release|Any CPU
		{22E2DA3B-E9AC-4682-A492-16B81375D8FE}.AppStore|Any CPU.Build.0 = Release|Any CPU
		{22E2DA3B-E9AC-4682-A492-16B81375D8FE}.AppStore|ARM.ActiveCfg = Release|Any CPU
		{22E2DA3B-E9AC-4682-A492-16B81375D8FE}.AppStore|ARM.Build.0 = Release|Any CPU
		{22E2DA3B-E9AC-4682-A492-16B81375D8FE}.AppStore|iPhone.ActiveCfg = Release|Any CPU
		{22E2DA3B-E9AC-4682-A492-16B81375D8FE}.AppStore|iPhone.Build.0 = Release|Any CPU
		{22E2DA3B-E9AC-4682-A492-16B81375D8FE}.AppStore|iPhoneSimulator.ActiveCfg = Release|Any CPU
		{22E2DA3B-E9AC-4682-A492-16B81375D8FE}.AppStore|iPhoneSimulator.Build.0 = Release|Any CPU
		{22E2DA3B-E9AC-4682-A492-16B81375D8FE}.AppStore|x64.ActiveCfg = Release|Any CPU
		{22E2DA3B-E9AC-4682-A492-16B81375D8FE}.AppStore|x64.Build.0 = Release|Any CPU
		{22E2DA3B-E9AC-4682-A492-16B81375D8FE}.AppStore|x86.ActiveCfg = Release|Any CPU
		{22E2DA3B-E9AC-4682-A492-16B81375D8FE}.AppStore|x86.Build.0 = Release|Any CPU
		{22E2DA3B-E9AC-4682-A492-16B81375D8FE}.Debug|Any CPU.ActiveCfg = Debug|Any CPU
		{22E2DA3B-E9AC-4682-A492-16B81375D8FE}.Debug|Any CPU.Build.0 = Debug|Any CPU
		{22E2DA3B-E9AC-4682-A492-16B81375D8FE}.Debug|ARM.ActiveCfg = Debug|Any CPU
		{22E2DA3B-E9AC-4682-A492-16B81375D8FE}.Debug|ARM.Build.0 = Debug|Any CPU
		{22E2DA3B-E9AC-4682-A492-16B81375D8FE}.Debug|iPhone.ActiveCfg = Debug|Any CPU
		{22E2DA3B-E9AC-4682-A492-16B81375D8FE}.Debug|iPhone.Build.0 = Debug|Any CPU
		{22E2DA3B-E9AC-4682-A492-16B81375D8FE}.Debug|iPhoneSimulator.ActiveCfg = Debug|Any CPU
		{22E2DA3B-E9AC-4682-A492-16B81375D8FE}.Debug|iPhoneSimulator.Build.0 = Debug|Any CPU
		{22E2DA3B-E9AC-4682-A492-16B81375D8FE}.Debug|x64.ActiveCfg = Debug|Any CPU
		{22E2DA3B-E9AC-4682-A492-16B81375D8FE}.Debug|x64.Build.0 = Debug|Any CPU
		{22E2DA3B-E9AC-4682-A492-16B81375D8FE}.Debug|x86.ActiveCfg = Debug|Any CPU
		{22E2DA3B-E9AC-4682-A492-16B81375D8FE}.Debug|x86.Build.0 = Debug|Any CPU
		{22E2DA3B-E9AC-4682-A492-16B81375D8FE}.Release|Any CPU.ActiveCfg = Release|Any CPU
		{22E2DA3B-E9AC-4682-A492-16B81375D8FE}.Release|Any CPU.Build.0 = Release|Any CPU
		{22E2DA3B-E9AC-4682-A492-16B81375D8FE}.Release|ARM.ActiveCfg = Release|Any CPU
		{22E2DA3B-E9AC-4682-A492-16B81375D8FE}.Release|ARM.Build.0 = Release|Any CPU
		{22E2DA3B-E9AC-4682-A492-16B81375D8FE}.Release|iPhone.ActiveCfg = Release|Any CPU
		{22E2DA3B-E9AC-4682-A492-16B81375D8FE}.Release|iPhone.Build.0 = Release|Any CPU
		{22E2DA3B-E9AC-4682-A492-16B81375D8FE}.Release|iPhoneSimulator.ActiveCfg = Release|Any CPU
		{22E2DA3B-E9AC-4682-A492-16B81375D8FE}.Release|iPhoneSimulator.Build.0 = Release|Any CPU
		{22E2DA3B-E9AC-4682-A492-16B81375D8FE}.Release|x64.ActiveCfg = Release|Any CPU
		{22E2DA3B-E9AC-4682-A492-16B81375D8FE}.Release|x64.Build.0 = Release|Any CPU
		{22E2DA3B-E9AC-4682-A492-16B81375D8FE}.Release|x86.ActiveCfg = Release|Any CPU
		{22E2DA3B-E9AC-4682-A492-16B81375D8FE}.Release|x86.Build.0 = Release|Any CPU
		{735E1A00-0AE5-4469-8DA9-4152CF9EAB1D}.Ad-Hoc|Any CPU.ActiveCfg = Release|Any CPU
		{735E1A00-0AE5-4469-8DA9-4152CF9EAB1D}.Ad-Hoc|Any CPU.Build.0 = Release|Any CPU
		{735E1A00-0AE5-4469-8DA9-4152CF9EAB1D}.Ad-Hoc|Any CPU.Deploy.0 = Release|Any CPU
		{735E1A00-0AE5-4469-8DA9-4152CF9EAB1D}.Ad-Hoc|ARM.ActiveCfg = Release|Any CPU
		{735E1A00-0AE5-4469-8DA9-4152CF9EAB1D}.Ad-Hoc|ARM.Build.0 = Release|Any CPU
		{735E1A00-0AE5-4469-8DA9-4152CF9EAB1D}.Ad-Hoc|ARM.Deploy.0 = Release|Any CPU
		{735E1A00-0AE5-4469-8DA9-4152CF9EAB1D}.Ad-Hoc|iPhone.ActiveCfg = Release|Any CPU
		{735E1A00-0AE5-4469-8DA9-4152CF9EAB1D}.Ad-Hoc|iPhone.Build.0 = Release|Any CPU
		{735E1A00-0AE5-4469-8DA9-4152CF9EAB1D}.Ad-Hoc|iPhone.Deploy.0 = Release|Any CPU
		{735E1A00-0AE5-4469-8DA9-4152CF9EAB1D}.Ad-Hoc|iPhoneSimulator.ActiveCfg = Release|Any CPU
		{735E1A00-0AE5-4469-8DA9-4152CF9EAB1D}.Ad-Hoc|iPhoneSimulator.Build.0 = Release|Any CPU
		{735E1A00-0AE5-4469-8DA9-4152CF9EAB1D}.Ad-Hoc|iPhoneSimulator.Deploy.0 = Release|Any CPU
		{735E1A00-0AE5-4469-8DA9-4152CF9EAB1D}.Ad-Hoc|x64.ActiveCfg = Release|Any CPU
		{735E1A00-0AE5-4469-8DA9-4152CF9EAB1D}.Ad-Hoc|x64.Build.0 = Release|Any CPU
		{735E1A00-0AE5-4469-8DA9-4152CF9EAB1D}.Ad-Hoc|x64.Deploy.0 = Release|Any CPU
		{735E1A00-0AE5-4469-8DA9-4152CF9EAB1D}.Ad-Hoc|x86.ActiveCfg = Release|Any CPU
		{735E1A00-0AE5-4469-8DA9-4152CF9EAB1D}.Ad-Hoc|x86.Build.0 = Release|Any CPU
		{735E1A00-0AE5-4469-8DA9-4152CF9EAB1D}.Ad-Hoc|x86.Deploy.0 = Release|Any CPU
		{735E1A00-0AE5-4469-8DA9-4152CF9EAB1D}.AppStore|Any CPU.ActiveCfg = Release|Any CPU
		{735E1A00-0AE5-4469-8DA9-4152CF9EAB1D}.AppStore|Any CPU.Build.0 = Release|Any CPU
		{735E1A00-0AE5-4469-8DA9-4152CF9EAB1D}.AppStore|Any CPU.Deploy.0 = Release|Any CPU
		{735E1A00-0AE5-4469-8DA9-4152CF9EAB1D}.AppStore|ARM.ActiveCfg = Release|Any CPU
		{735E1A00-0AE5-4469-8DA9-4152CF9EAB1D}.AppStore|ARM.Build.0 = Release|Any CPU
		{735E1A00-0AE5-4469-8DA9-4152CF9EAB1D}.AppStore|ARM.Deploy.0 = Release|Any CPU
		{735E1A00-0AE5-4469-8DA9-4152CF9EAB1D}.AppStore|iPhone.ActiveCfg = Release|Any CPU
		{735E1A00-0AE5-4469-8DA9-4152CF9EAB1D}.AppStore|iPhone.Build.0 = Release|Any CPU
		{735E1A00-0AE5-4469-8DA9-4152CF9EAB1D}.AppStore|iPhone.Deploy.0 = Release|Any CPU
		{735E1A00-0AE5-4469-8DA9-4152CF9EAB1D}.AppStore|iPhoneSimulator.ActiveCfg = Release|Any CPU
		{735E1A00-0AE5-4469-8DA9-4152CF9EAB1D}.AppStore|iPhoneSimulator.Build.0 = Release|Any CPU
		{735E1A00-0AE5-4469-8DA9-4152CF9EAB1D}.AppStore|iPhoneSimulator.Deploy.0 = Release|Any CPU
		{735E1A00-0AE5-4469-8DA9-4152CF9EAB1D}.AppStore|x64.ActiveCfg = Release|Any CPU
		{735E1A00-0AE5-4469-8DA9-4152CF9EAB1D}.AppStore|x64.Build.0 = Release|Any CPU
		{735E1A00-0AE5-4469-8DA9-4152CF9EAB1D}.AppStore|x64.Deploy.0 = Release|Any CPU
		{735E1A00-0AE5-4469-8DA9-4152CF9EAB1D}.AppStore|x86.ActiveCfg = Release|Any CPU
		{735E1A00-0AE5-4469-8DA9-4152CF9EAB1D}.AppStore|x86.Build.0 = Release|Any CPU
		{735E1A00-0AE5-4469-8DA9-4152CF9EAB1D}.AppStore|x86.Deploy.0 = Release|Any CPU
		{735E1A00-0AE5-4469-8DA9-4152CF9EAB1D}.Debug|Any CPU.ActiveCfg = Debug|Any CPU
		{735E1A00-0AE5-4469-8DA9-4152CF9EAB1D}.Debug|Any CPU.Build.0 = Debug|Any CPU
		{735E1A00-0AE5-4469-8DA9-4152CF9EAB1D}.Debug|Any CPU.Deploy.0 = Debug|Any CPU
		{735E1A00-0AE5-4469-8DA9-4152CF9EAB1D}.Debug|ARM.ActiveCfg = Debug|Any CPU
		{735E1A00-0AE5-4469-8DA9-4152CF9EAB1D}.Debug|ARM.Build.0 = Debug|Any CPU
		{735E1A00-0AE5-4469-8DA9-4152CF9EAB1D}.Debug|ARM.Deploy.0 = Debug|Any CPU
		{735E1A00-0AE5-4469-8DA9-4152CF9EAB1D}.Debug|iPhone.ActiveCfg = Debug|Any CPU
		{735E1A00-0AE5-4469-8DA9-4152CF9EAB1D}.Debug|iPhone.Build.0 = Debug|Any CPU
		{735E1A00-0AE5-4469-8DA9-4152CF9EAB1D}.Debug|iPhone.Deploy.0 = Debug|Any CPU
		{735E1A00-0AE5-4469-8DA9-4152CF9EAB1D}.Debug|iPhoneSimulator.ActiveCfg = Debug|Any CPU
		{735E1A00-0AE5-4469-8DA9-4152CF9EAB1D}.Debug|iPhoneSimulator.Build.0 = Debug|Any CPU
		{735E1A00-0AE5-4469-8DA9-4152CF9EAB1D}.Debug|iPhoneSimulator.Deploy.0 = Debug|Any CPU
		{735E1A00-0AE5-4469-8DA9-4152CF9EAB1D}.Debug|x64.ActiveCfg = Debug|Any CPU
		{735E1A00-0AE5-4469-8DA9-4152CF9EAB1D}.Debug|x64.Build.0 = Debug|Any CPU
		{735E1A00-0AE5-4469-8DA9-4152CF9EAB1D}.Debug|x64.Deploy.0 = Debug|Any CPU
		{735E1A00-0AE5-4469-8DA9-4152CF9EAB1D}.Debug|x86.ActiveCfg = Debug|Any CPU
		{735E1A00-0AE5-4469-8DA9-4152CF9EAB1D}.Debug|x86.Build.0 = Debug|Any CPU
		{735E1A00-0AE5-4469-8DA9-4152CF9EAB1D}.Debug|x86.Deploy.0 = Debug|Any CPU
		{735E1A00-0AE5-4469-8DA9-4152CF9EAB1D}.Release|Any CPU.ActiveCfg = Release|Any CPU
		{735E1A00-0AE5-4469-8DA9-4152CF9EAB1D}.Release|Any CPU.Build.0 = Release|Any CPU
		{735E1A00-0AE5-4469-8DA9-4152CF9EAB1D}.Release|Any CPU.Deploy.0 = Release|Any CPU
		{735E1A00-0AE5-4469-8DA9-4152CF9EAB1D}.Release|ARM.ActiveCfg = Release|Any CPU
		{735E1A00-0AE5-4469-8DA9-4152CF9EAB1D}.Release|ARM.Build.0 = Release|Any CPU
		{735E1A00-0AE5-4469-8DA9-4152CF9EAB1D}.Release|ARM.Deploy.0 = Release|Any CPU
		{735E1A00-0AE5-4469-8DA9-4152CF9EAB1D}.Release|iPhone.ActiveCfg = Release|Any CPU
		{735E1A00-0AE5-4469-8DA9-4152CF9EAB1D}.Release|iPhone.Build.0 = Release|Any CPU
		{735E1A00-0AE5-4469-8DA9-4152CF9EAB1D}.Release|iPhone.Deploy.0 = Release|Any CPU
		{735E1A00-0AE5-4469-8DA9-4152CF9EAB1D}.Release|iPhoneSimulator.ActiveCfg = Release|Any CPU
		{735E1A00-0AE5-4469-8DA9-4152CF9EAB1D}.Release|iPhoneSimulator.Build.0 = Release|Any CPU
		{735E1A00-0AE5-4469-8DA9-4152CF9EAB1D}.Release|iPhoneSimulator.Deploy.0 = Release|Any CPU
		{735E1A00-0AE5-4469-8DA9-4152CF9EAB1D}.Release|x64.ActiveCfg = Release|Any CPU
		{735E1A00-0AE5-4469-8DA9-4152CF9EAB1D}.Release|x64.Build.0 = Release|Any CPU
		{735E1A00-0AE5-4469-8DA9-4152CF9EAB1D}.Release|x64.Deploy.0 = Release|Any CPU
		{735E1A00-0AE5-4469-8DA9-4152CF9EAB1D}.Release|x86.ActiveCfg = Release|Any CPU
		{735E1A00-0AE5-4469-8DA9-4152CF9EAB1D}.Release|x86.Build.0 = Release|Any CPU
		{735E1A00-0AE5-4469-8DA9-4152CF9EAB1D}.Release|x86.Deploy.0 = Release|Any CPU
		{FCA6BE05-14B4-4538-872B-8F49B16AA331}.Ad-Hoc|Any CPU.ActiveCfg = Ad-Hoc|iPhone
		{FCA6BE05-14B4-4538-872B-8F49B16AA331}.Ad-Hoc|ARM.ActiveCfg = Ad-Hoc|iPhone
		{FCA6BE05-14B4-4538-872B-8F49B16AA331}.Ad-Hoc|iPhone.ActiveCfg = Ad-Hoc|iPhone
		{FCA6BE05-14B4-4538-872B-8F49B16AA331}.Ad-Hoc|iPhone.Build.0 = Ad-Hoc|iPhone
		{FCA6BE05-14B4-4538-872B-8F49B16AA331}.Ad-Hoc|iPhoneSimulator.ActiveCfg = Ad-Hoc|iPhoneSimulator
		{FCA6BE05-14B4-4538-872B-8F49B16AA331}.Ad-Hoc|iPhoneSimulator.Build.0 = Ad-Hoc|iPhoneSimulator
		{FCA6BE05-14B4-4538-872B-8F49B16AA331}.Ad-Hoc|x64.ActiveCfg = Ad-Hoc|iPhone
		{FCA6BE05-14B4-4538-872B-8F49B16AA331}.Ad-Hoc|x86.ActiveCfg = Ad-Hoc|iPhone
		{FCA6BE05-14B4-4538-872B-8F49B16AA331}.AppStore|Any CPU.ActiveCfg = AppStore|iPhone
		{FCA6BE05-14B4-4538-872B-8F49B16AA331}.AppStore|ARM.ActiveCfg = AppStore|iPhone
		{FCA6BE05-14B4-4538-872B-8F49B16AA331}.AppStore|iPhone.ActiveCfg = AppStore|iPhone
		{FCA6BE05-14B4-4538-872B-8F49B16AA331}.AppStore|iPhone.Build.0 = AppStore|iPhone
		{FCA6BE05-14B4-4538-872B-8F49B16AA331}.AppStore|iPhoneSimulator.ActiveCfg = AppStore|iPhoneSimulator
		{FCA6BE05-14B4-4538-872B-8F49B16AA331}.AppStore|iPhoneSimulator.Build.0 = AppStore|iPhoneSimulator
		{FCA6BE05-14B4-4538-872B-8F49B16AA331}.AppStore|x64.ActiveCfg = AppStore|iPhone
		{FCA6BE05-14B4-4538-872B-8F49B16AA331}.AppStore|x86.ActiveCfg = AppStore|iPhone
		{FCA6BE05-14B4-4538-872B-8F49B16AA331}.Debug|Any CPU.ActiveCfg = Debug|iPhone
		{FCA6BE05-14B4-4538-872B-8F49B16AA331}.Debug|ARM.ActiveCfg = Debug|iPhone
		{FCA6BE05-14B4-4538-872B-8F49B16AA331}.Debug|iPhone.ActiveCfg = Debug|iPhone
		{FCA6BE05-14B4-4538-872B-8F49B16AA331}.Debug|iPhone.Build.0 = Debug|iPhone
		{FCA6BE05-14B4-4538-872B-8F49B16AA331}.Debug|iPhoneSimulator.ActiveCfg = Debug|iPhoneSimulator
		{FCA6BE05-14B4-4538-872B-8F49B16AA331}.Debug|iPhoneSimulator.Build.0 = Debug|iPhoneSimulator
		{FCA6BE05-14B4-4538-872B-8F49B16AA331}.Debug|x64.ActiveCfg = Debug|iPhone
		{FCA6BE05-14B4-4538-872B-8F49B16AA331}.Debug|x86.ActiveCfg = Debug|iPhone
		{FCA6BE05-14B4-4538-872B-8F49B16AA331}.Release|Any CPU.ActiveCfg = Release|iPhone
		{FCA6BE05-14B4-4538-872B-8F49B16AA331}.Release|ARM.ActiveCfg = Release|iPhone
		{FCA6BE05-14B4-4538-872B-8F49B16AA331}.Release|iPhone.ActiveCfg = Release|iPhone
		{FCA6BE05-14B4-4538-872B-8F49B16AA331}.Release|iPhone.Build.0 = Release|iPhone
		{FCA6BE05-14B4-4538-872B-8F49B16AA331}.Release|iPhoneSimulator.ActiveCfg = Release|iPhoneSimulator
		{FCA6BE05-14B4-4538-872B-8F49B16AA331}.Release|iPhoneSimulator.Build.0 = Release|iPhoneSimulator
		{FCA6BE05-14B4-4538-872B-8F49B16AA331}.Release|x64.ActiveCfg = Release|iPhone
		{FCA6BE05-14B4-4538-872B-8F49B16AA331}.Release|x86.ActiveCfg = Release|iPhone
		{DC18EE4E-C437-453F-B2E5-09DC50E7FD12}.Ad-Hoc|Any CPU.ActiveCfg = Release|x86
		{DC18EE4E-C437-453F-B2E5-09DC50E7FD12}.Ad-Hoc|Any CPU.Build.0 = Release|x86
		{DC18EE4E-C437-453F-B2E5-09DC50E7FD12}.Ad-Hoc|Any CPU.Deploy.0 = Release|x86
		{DC18EE4E-C437-453F-B2E5-09DC50E7FD12}.Ad-Hoc|ARM.ActiveCfg = Release|ARM
		{DC18EE4E-C437-453F-B2E5-09DC50E7FD12}.Ad-Hoc|ARM.Build.0 = Release|ARM
		{DC18EE4E-C437-453F-B2E5-09DC50E7FD12}.Ad-Hoc|ARM.Deploy.0 = Release|ARM
		{DC18EE4E-C437-453F-B2E5-09DC50E7FD12}.Ad-Hoc|iPhone.ActiveCfg = Release|x86
		{DC18EE4E-C437-453F-B2E5-09DC50E7FD12}.Ad-Hoc|iPhone.Build.0 = Release|x86
		{DC18EE4E-C437-453F-B2E5-09DC50E7FD12}.Ad-Hoc|iPhone.Deploy.0 = Release|x86
		{DC18EE4E-C437-453F-B2E5-09DC50E7FD12}.Ad-Hoc|iPhoneSimulator.ActiveCfg = Release|x86
		{DC18EE4E-C437-453F-B2E5-09DC50E7FD12}.Ad-Hoc|iPhoneSimulator.Build.0 = Release|x86
		{DC18EE4E-C437-453F-B2E5-09DC50E7FD12}.Ad-Hoc|iPhoneSimulator.Deploy.0 = Release|x86
		{DC18EE4E-C437-453F-B2E5-09DC50E7FD12}.Ad-Hoc|x64.ActiveCfg = Release|x64
		{DC18EE4E-C437-453F-B2E5-09DC50E7FD12}.Ad-Hoc|x64.Build.0 = Release|x64
		{DC18EE4E-C437-453F-B2E5-09DC50E7FD12}.Ad-Hoc|x64.Deploy.0 = Release|x64
		{DC18EE4E-C437-453F-B2E5-09DC50E7FD12}.Ad-Hoc|x86.ActiveCfg = Release|x86
		{DC18EE4E-C437-453F-B2E5-09DC50E7FD12}.Ad-Hoc|x86.Build.0 = Release|x86
		{DC18EE4E-C437-453F-B2E5-09DC50E7FD12}.Ad-Hoc|x86.Deploy.0 = Release|x86
		{DC18EE4E-C437-453F-B2E5-09DC50E7FD12}.AppStore|Any CPU.ActiveCfg = Release|x86
		{DC18EE4E-C437-453F-B2E5-09DC50E7FD12}.AppStore|Any CPU.Build.0 = Release|x86
		{DC18EE4E-C437-453F-B2E5-09DC50E7FD12}.AppStore|Any CPU.Deploy.0 = Release|x86
		{DC18EE4E-C437-453F-B2E5-09DC50E7FD12}.AppStore|ARM.ActiveCfg = Release|ARM
		{DC18EE4E-C437-453F-B2E5-09DC50E7FD12}.AppStore|ARM.Build.0 = Release|ARM
		{DC18EE4E-C437-453F-B2E5-09DC50E7FD12}.AppStore|ARM.Deploy.0 = Release|ARM
		{DC18EE4E-C437-453F-B2E5-09DC50E7FD12}.AppStore|iPhone.ActiveCfg = Release|x86
		{DC18EE4E-C437-453F-B2E5-09DC50E7FD12}.AppStore|iPhone.Build.0 = Release|x86
		{DC18EE4E-C437-453F-B2E5-09DC50E7FD12}.AppStore|iPhone.Deploy.0 = Release|x86
		{DC18EE4E-C437-453F-B2E5-09DC50E7FD12}.AppStore|iPhoneSimulator.ActiveCfg = Release|x86
		{DC18EE4E-C437-453F-B2E5-09DC50E7FD12}.AppStore|iPhoneSimulator.Build.0 = Release|x86
		{DC18EE4E-C437-453F-B2E5-09DC50E7FD12}.AppStore|iPhoneSimulator.Deploy.0 = Release|x86
		{DC18EE4E-C437-453F-B2E5-09DC50E7FD12}.AppStore|x64.ActiveCfg = Release|x64
		{DC18EE4E-C437-453F-B2E5-09DC50E7FD12}.AppStore|x64.Build.0 = Release|x64
		{DC18EE4E-C437-453F-B2E5-09DC50E7FD12}.AppStore|x64.Deploy.0 = Release|x64
		{DC18EE4E-C437-453F-B2E5-09DC50E7FD12}.AppStore|x86.ActiveCfg = Release|x86
		{DC18EE4E-C437-453F-B2E5-09DC50E7FD12}.AppStore|x86.Build.0 = Release|x86
		{DC18EE4E-C437-453F-B2E5-09DC50E7FD12}.AppStore|x86.Deploy.0 = Release|x86
		{DC18EE4E-C437-453F-B2E5-09DC50E7FD12}.Debug|Any CPU.ActiveCfg = Debug|x86
		{DC18EE4E-C437-453F-B2E5-09DC50E7FD12}.Debug|ARM.ActiveCfg = Debug|ARM
		{DC18EE4E-C437-453F-B2E5-09DC50E7FD12}.Debug|ARM.Build.0 = Debug|ARM
		{DC18EE4E-C437-453F-B2E5-09DC50E7FD12}.Debug|ARM.Deploy.0 = Debug|ARM
		{DC18EE4E-C437-453F-B2E5-09DC50E7FD12}.Debug|iPhone.ActiveCfg = Debug|x86
		{DC18EE4E-C437-453F-B2E5-09DC50E7FD12}.Debug|iPhoneSimulator.ActiveCfg = Debug|x86
		{DC18EE4E-C437-453F-B2E5-09DC50E7FD12}.Debug|x64.ActiveCfg = Debug|x64
		{DC18EE4E-C437-453F-B2E5-09DC50E7FD12}.Debug|x64.Build.0 = Debug|x64
		{DC18EE4E-C437-453F-B2E5-09DC50E7FD12}.Debug|x64.Deploy.0 = Debug|x64
		{DC18EE4E-C437-453F-B2E5-09DC50E7FD12}.Debug|x86.ActiveCfg = Debug|x86
		{DC18EE4E-C437-453F-B2E5-09DC50E7FD12}.Debug|x86.Build.0 = Debug|x86
		{DC18EE4E-C437-453F-B2E5-09DC50E7FD12}.Debug|x86.Deploy.0 = Debug|x86
		{DC18EE4E-C437-453F-B2E5-09DC50E7FD12}.Release|Any CPU.ActiveCfg = Release|x86
		{DC18EE4E-C437-453F-B2E5-09DC50E7FD12}.Release|ARM.ActiveCfg = Release|ARM
		{DC18EE4E-C437-453F-B2E5-09DC50E7FD12}.Release|ARM.Build.0 = Release|ARM
		{DC18EE4E-C437-453F-B2E5-09DC50E7FD12}.Release|ARM.Deploy.0 = Release|ARM
		{DC18EE4E-C437-453F-B2E5-09DC50E7FD12}.Release|iPhone.ActiveCfg = Release|x86
		{DC18EE4E-C437-453F-B2E5-09DC50E7FD12}.Release|iPhoneSimulator.ActiveCfg = Release|x86
		{DC18EE4E-C437-453F-B2E5-09DC50E7FD12}.Release|x64.ActiveCfg = Release|x64
		{DC18EE4E-C437-453F-B2E5-09DC50E7FD12}.Release|x64.Build.0 = Release|x64
		{DC18EE4E-C437-453F-B2E5-09DC50E7FD12}.Release|x64.Deploy.0 = Release|x64
		{DC18EE4E-C437-453F-B2E5-09DC50E7FD12}.Release|x86.ActiveCfg = Release|x86
		{DC18EE4E-C437-453F-B2E5-09DC50E7FD12}.Release|x86.Build.0 = Release|x86
		{DC18EE4E-C437-453F-B2E5-09DC50E7FD12}.Release|x86.Deploy.0 = Release|x86
		{4EF4ECF8-C73E-425F-BBD3-5E66455343D0}.Ad-Hoc|Any CPU.ActiveCfg = Release|Any CPU
		{4EF4ECF8-C73E-425F-BBD3-5E66455343D0}.Ad-Hoc|Any CPU.Build.0 = Release|Any CPU
		{4EF4ECF8-C73E-425F-BBD3-5E66455343D0}.Ad-Hoc|ARM.ActiveCfg = Release|Any CPU
		{4EF4ECF8-C73E-425F-BBD3-5E66455343D0}.Ad-Hoc|ARM.Build.0 = Release|Any CPU
		{4EF4ECF8-C73E-425F-BBD3-5E66455343D0}.Ad-Hoc|iPhone.ActiveCfg = Release|Any CPU
		{4EF4ECF8-C73E-425F-BBD3-5E66455343D0}.Ad-Hoc|iPhone.Build.0 = Release|Any CPU
		{4EF4ECF8-C73E-425F-BBD3-5E66455343D0}.Ad-Hoc|iPhoneSimulator.ActiveCfg = Release|Any CPU
		{4EF4ECF8-C73E-425F-BBD3-5E66455343D0}.Ad-Hoc|iPhoneSimulator.Build.0 = Release|Any CPU
		{4EF4ECF8-C73E-425F-BBD3-5E66455343D0}.Ad-Hoc|x64.ActiveCfg = Release|Any CPU
		{4EF4ECF8-C73E-425F-BBD3-5E66455343D0}.Ad-Hoc|x64.Build.0 = Release|Any CPU
		{4EF4ECF8-C73E-425F-BBD3-5E66455343D0}.Ad-Hoc|x86.ActiveCfg = Release|Any CPU
		{4EF4ECF8-C73E-425F-BBD3-5E66455343D0}.Ad-Hoc|x86.Build.0 = Release|Any CPU
		{4EF4ECF8-C73E-425F-BBD3-5E66455343D0}.AppStore|Any CPU.ActiveCfg = Release|Any CPU
		{4EF4ECF8-C73E-425F-BBD3-5E66455343D0}.AppStore|Any CPU.Build.0 = Release|Any CPU
		{4EF4ECF8-C73E-425F-BBD3-5E66455343D0}.AppStore|ARM.ActiveCfg = Release|Any CPU
		{4EF4ECF8-C73E-425F-BBD3-5E66455343D0}.AppStore|ARM.Build.0 = Release|Any CPU
		{4EF4ECF8-C73E-425F-BBD3-5E66455343D0}.AppStore|iPhone.ActiveCfg = Release|Any CPU
		{4EF4ECF8-C73E-425F-BBD3-5E66455343D0}.AppStore|iPhone.Build.0 = Release|Any CPU
		{4EF4ECF8-C73E-425F-BBD3-5E66455343D0}.AppStore|iPhoneSimulator.ActiveCfg = Release|Any CPU
		{4EF4ECF8-C73E-425F-BBD3-5E66455343D0}.AppStore|iPhoneSimulator.Build.0 = Release|Any CPU
		{4EF4ECF8-C73E-425F-BBD3-5E66455343D0}.AppStore|x64.ActiveCfg = Release|Any CPU
		{4EF4ECF8-C73E-425F-BBD3-5E66455343D0}.AppStore|x64.Build.0 = Release|Any CPU
		{4EF4ECF8-C73E-425F-BBD3-5E66455343D0}.AppStore|x86.ActiveCfg = Release|Any CPU
		{4EF4ECF8-C73E-425F-BBD3-5E66455343D0}.AppStore|x86.Build.0 = Release|Any CPU
		{4EF4ECF8-C73E-425F-BBD3-5E66455343D0}.Debug|Any CPU.ActiveCfg = Debug|Any CPU
		{4EF4ECF8-C73E-425F-BBD3-5E66455343D0}.Debug|Any CPU.Build.0 = Debug|Any CPU
		{4EF4ECF8-C73E-425F-BBD3-5E66455343D0}.Debug|ARM.ActiveCfg = Debug|Any CPU
		{4EF4ECF8-C73E-425F-BBD3-5E66455343D0}.Debug|ARM.Build.0 = Debug|Any CPU
		{4EF4ECF8-C73E-425F-BBD3-5E66455343D0}.Debug|iPhone.ActiveCfg = Debug|Any CPU
		{4EF4ECF8-C73E-425F-BBD3-5E66455343D0}.Debug|iPhone.Build.0 = Debug|Any CPU
		{4EF4ECF8-C73E-425F-BBD3-5E66455343D0}.Debug|iPhoneSimulator.ActiveCfg = Debug|Any CPU
		{4EF4ECF8-C73E-425F-BBD3-5E66455343D0}.Debug|iPhoneSimulator.Build.0 = Debug|Any CPU
		{4EF4ECF8-C73E-425F-BBD3-5E66455343D0}.Debug|x64.ActiveCfg = Debug|Any CPU
		{4EF4ECF8-C73E-425F-BBD3-5E66455343D0}.Debug|x64.Build.0 = Debug|Any CPU
		{4EF4ECF8-C73E-425F-BBD3-5E66455343D0}.Debug|x86.ActiveCfg = Debug|Any CPU
		{4EF4ECF8-C73E-425F-BBD3-5E66455343D0}.Debug|x86.Build.0 = Debug|Any CPU
		{4EF4ECF8-C73E-425F-BBD3-5E66455343D0}.Release|Any CPU.ActiveCfg = Release|Any CPU
		{4EF4ECF8-C73E-425F-BBD3-5E66455343D0}.Release|Any CPU.Build.0 = Release|Any CPU
		{4EF4ECF8-C73E-425F-BBD3-5E66455343D0}.Release|ARM.ActiveCfg = Release|Any CPU
		{4EF4ECF8-C73E-425F-BBD3-5E66455343D0}.Release|ARM.Build.0 = Release|Any CPU
		{4EF4ECF8-C73E-425F-BBD3-5E66455343D0}.Release|iPhone.ActiveCfg = Release|Any CPU
		{4EF4ECF8-C73E-425F-BBD3-5E66455343D0}.Release|iPhone.Build.0 = Release|Any CPU
		{4EF4ECF8-C73E-425F-BBD3-5E66455343D0}.Release|iPhoneSimulator.ActiveCfg = Release|Any CPU
		{4EF4ECF8-C73E-425F-BBD3-5E66455343D0}.Release|iPhoneSimulator.Build.0 = Release|Any CPU
		{4EF4ECF8-C73E-425F-BBD3-5E66455343D0}.Release|x64.ActiveCfg = Release|Any CPU
		{4EF4ECF8-C73E-425F-BBD3-5E66455343D0}.Release|x64.Build.0 = Release|Any CPU
		{4EF4ECF8-C73E-425F-BBD3-5E66455343D0}.Release|x86.ActiveCfg = Release|Any CPU
		{4EF4ECF8-C73E-425F-BBD3-5E66455343D0}.Release|x86.Build.0 = Release|Any CPU
	EndGlobalSection
	GlobalSection(SolutionProperties) = preSolution
		HideSolutionNode = FALSE
	EndGlobalSection
EndGlobal
